
Microsoft Visual Studio Solution File, Format Version 12.00
# Visual Studio 15
VisualStudioVersion = 15.0.28307.1684
MinimumVisualStudioVersion = 10.0.40219.1
Project("{FAE04EC0-301F-11D3-BF4B-00C04F79EFBC}") = "FED1StudioProject", "FED1StudioProject\FED1StudioProject.csproj", "{35595274-3414-4706-945C-FF16EAB03A02}"
EndProject
Global
	GlobalSection(SolutionConfigurationPlatforms) = preSolution
		Debug|Any CPU = Debug|Any CPU
		Release|Any CPU = Release|Any CPU
	EndGlobalSection
	GlobalSection(ProjectConfigurationPlatforms) = postSolution
		{35595274-3414-4706-945C-FF16EAB03A02}.Debug|Any CPU.ActiveCfg = Debug|Any CPU
		{35595274-3414-4706-945C-FF16EAB03A02}.Debug|Any CPU.Build.0 = Debug|Any CPU
		{35595274-3414-4706-945C-FF16EAB03A02}.Release|Any CPU.ActiveCfg = Release|Any CPU
		{35595274-3414-4706-945C-FF16EAB03A02}.Release|Any CPU.Build.0 = Release|Any CPU
	EndGlobalSection
	GlobalSection(SolutionProperties) = preSolution
		HideSolutionNode = FALSE
	EndGlobalSection
	GlobalSection(ExtensibilityGlobals) = postSolution
		SolutionGuid = {3A84E396-C416-43D1-94CB-8398E38A1078}
	EndGlobalSection
EndGlobal
